{
  "name": "@yari-internal/content-origin-request",
  "version": "0.0.1",
  "lockfileVersion": 2,
  "requires": true,
  "packages": {
    "": {
      "name": "@yari-internal/content-origin-request",
      "version": "0.0.1",
      "license": "MPL-2.0",
      "dependencies": {
        "@yari-internal/constants": "file:../../../libs/constants",
        "@yari-internal/fundamental-redirects": "file:../../../libs/fundamental-redirects",
        "@yari-internal/get-locale": "file:../../../libs/get-locale",
        "@yari-internal/slug-utils": "file:../../../libs/slug-utils",
        "accept-language-parser": "^1.5.0",
        "cookie": "0.5.0",
        "sanitize-filename": "^1.6.3"
      },
      "devDependencies": {
        "dotenv": "^16.0.1"
      },
      "engines": {
        "node": ">=14.x",
        "npm": ">=8.0.0"
      }
    },
    "../../../libs/constants": {
      "name": "@yari-internal/constants",
      "version": "0.0.1",
      "license": "MPL-2.0"
    },
    "../../../libs/fundamental-redirects": {
      "name": "@yari-internal/fundamental-redirects",
      "version": "0.0.1",
      "license": "MPL-2.0"
    },
    "../../../libs/get-locale": {
      "name": "@yari-internal/get-locale",
      "version": "0.0.1",
      "license": "MPL-2.0"
    },
    "../../../libs/slug-utils": {
      "name": "@yari-internal/slug-utils",
      "version": "0.0.1",
      "license": "MPL-2.0",
      "dependencies": {
        "sanitize-filename": "^1.6.3"
      }
    },
    "node_modules/@yari-internal/constants": {
      "resolved": "../../../libs/constants",
      "link": true
    },
    "node_modules/@yari-internal/fundamental-redirects": {
      "resolved": "../../../libs/fundamental-redirects",
      "link": true
    },
    "node_modules/@yari-internal/get-locale": {
      "resolved": "../../../libs/get-locale",
      "link": true
    },
    "node_modules/@yari-internal/slug-utils": {
      "resolved": "../../../libs/slug-utils",
      "link": true
    },
    "node_modules/accept-language-parser": {
      "version": "1.5.0",
      "license": "MIT"
    },
    "node_modules/cookie": {
      "version": "0.5.0",
      "license": "MIT",
      "engines": {
        "node": ">= 0.6"
      }
    },
    "node_modules/dotenv": {
      "version": "16.0.1",
      "dev": true,
      "license": "BSD-2-Clause",
      "engines": {
        "node": ">=12"
      }
    },
    "node_modules/sanitize-filename": {
      "version": "1.6.3",
      "license": "WTFPL OR ISC",
      "dependencies": {
        "truncate-utf8-bytes": "^1.0.0"
      }
    },
    "node_modules/truncate-utf8-bytes": {
      "version": "1.0.2",
      "license": "WTFPL",
      "dependencies": {
        "utf8-byte-length": "^1.0.1"
      }
    },
    "node_modules/utf8-byte-length": {
      "version": "1.0.4",
      "license": "WTFPL"
    }
  },
  "dependencies": {
    "@yari-internal/constants": {
      "version": "file:../../../libs/constants"
    },
    "@yari-internal/fundamental-redirects": {
      "version": "file:../../../libs/fundamental-redirects"
    },
    "@yari-internal/get-locale": {
      "version": "file:../../../libs/get-locale"
    },
    "@yari-internal/slug-utils": {
      "version": "file:../../../libs/slug-utils",
      "requires": {
        "sanitize-filename": "^1.6.3"
      }
    },
    "accept-language-parser": {
      "version": "1.5.0"
    },
    "cookie": {
      "version": "0.5.0"
    },
    "dotenv": {
      "version": "16.0.1",
      "dev": true
    },
    "sanitize-filename": {
      "version": "1.6.3",
      "requires": {
        "truncate-utf8-bytes": "^1.0.0"
      }
    },
    "truncate-utf8-bytes": {
      "version": "1.0.2",
      "requires": {
        "utf8-byte-length": "^1.0.1"
      }
    },
    "utf8-byte-length": {
      "version": "1.0.4"
    }
  }
}
