{
  "name": "@yari-internal/slug-utils",
  "version": "0.0.1",
  "lockfileVersion": 2,
  "requires": true,
  "packages": {
    "": {
      "name": "@yari-internal/slug-utils",
      "version": "0.0.1",
      "license": "MPL-2.0",
      "dependencies": {
        "sanitize-filename": "^1.6.3"
      }
    },
    "node_modules/sanitize-filename": {
      "version": "1.6.3",
      "license": "WTFPL OR ISC",
      "dependencies": {
        "truncate-utf8-bytes": "^1.0.0"
      }
    },
    "node_modules/truncate-utf8-bytes": {
      "version": "1.0.2",
      "license": "WTFPL",
      "dependencies": {
        "utf8-byte-length": "^1.0.1"
      }
    },
    "node_modules/utf8-byte-length": {
      "version": "1.0.4",
      "license": "WTFPL"
    }
  },
  "dependencies": {
    "sanitize-filename": {
      "version": "1.6.3",
      "requires": {
        "truncate-utf8-bytes": "^1.0.0"
      }
    },
    "truncate-utf8-bytes": {
      "version": "1.0.2",
      "requires": {
        "utf8-byte-length": "^1.0.1"
      }
    },
    "utf8-byte-length": {
      "version": "1.0.4"
    }
  }
}
